
Microsoft Visual Studio Solution File, Format Version 12.00
# Visual Studio Version 17
VisualStudioVersion = 17.4.33205.214
MinimumVisualStudioVersion = 10.0.40219.1
Project("{9A19103F-16F7-4668-BE54-9A1E7A4F7556}") = "Odev_1", "Deneme\Odev_1.csproj", "{73CF156A-29F6-4897-9806-6149CA8DA6BE}"
EndProject
Global
	GlobalSection(SolutionConfigurationPlatforms) = preSolution
		Debug|Any CPU = Debug|Any CPU
		Release|Any CPU = Release|Any CPU
	EndGlobalSection
	GlobalSection(ProjectConfigurationPlatforms) = postSolution
		{73CF156A-29F6-4897-9806-6149CA8DA6BE}.Debug|Any CPU.ActiveCfg = Debug|Any CPU
		{73CF156A-29F6-4897-9806-6149CA8DA6BE}.Debug|Any CPU.Build.0 = Debug|Any CPU
		{73CF156A-29F6-4897-9806-6149CA8DA6BE}.Release|Any CPU.ActiveCfg = Release|Any CPU
		{73CF156A-29F6-4897-9806-6149CA8DA6BE}.Release|Any CPU.Build.0 = Release|Any CPU
	EndGlobalSection
	GlobalSection(SolutionProperties) = preSolution
		HideSolutionNode = FALSE
	EndGlobalSection
	GlobalSection(ExtensibilityGlobals) = postSolution
		SolutionGuid = {655B7FC3-84AF-4DE0-8864-375D31B32F08}
	EndGlobalSection
EndGlobal
